
Microsoft Visual Studio Solution File, Format Version 12.00
# Visual Studio Version 16
VisualStudioVersion = 16.0.32228.343
MinimumVisualStudioVersion = 10.0.40219.1
Project("{FAE04EC0-301F-11D3-BF4B-00C04F79EFBC}") = "LabMilesko5", "LabMilesko5.csproj", "{10CDF9C4-099E-42F1-A8FA-A808FE9213E6}"
EndProject
Global
	GlobalSection(SolutionConfigurationPlatforms) = preSolution
		Debug|Any CPU = Debug|Any CPU
		Release|Any CPU = Release|Any CPU
	EndGlobalSection
	GlobalSection(ProjectConfigurationPlatforms) = postSolution
		{10CDF9C4-099E-42F1-A8FA-A808FE9213E6}.Debug|Any CPU.ActiveCfg = Debug|Any CPU
		{10CDF9C4-099E-42F1-A8FA-A808FE9213E6}.Debug|Any CPU.Build.0 = Debug|Any CPU
		{10CDF9C4-099E-42F1-A8FA-A808FE9213E6}.Release|Any CPU.ActiveCfg = Release|Any CPU
		{10CDF9C4-099E-42F1-A8FA-A808FE9213E6}.Release|Any CPU.Build.0 = Release|Any CPU
	EndGlobalSection
	GlobalSection(SolutionProperties) = preSolution
		HideSolutionNode = FALSE
	EndGlobalSection
	GlobalSection(ExtensibilityGlobals) = postSolution
		SolutionGuid = {9BCB6F9A-B4DD-486E-A2C9-2BE0F83B23E6}
	EndGlobalSection
EndGlobal
